// !$*UTF8*$!
{
	archiveVersion = 1;
	classes = {
	};
	objectVersion = 56;
	objects = {

/* Begin PBXBuildFile section */
		95AA6ADE29637C0C00E325A6 /* AppDelegate.swift in Sources */ = {isa = PBXBuildFile; fileRef = 95AA6ADD29637C0C00E325A6 /* AppDelegate.swift */; };
		95AA6AE029637C0C00E325A6 /* SceneDelegate.swift in Sources */ = {isa = PBXBuildFile; fileRef = 95AA6ADF29637C0C00E325A6 /* SceneDelegate.swift */; };
		95AA6AE529637C0C00E325A6 /* Main.storyboard in Resources */ = {isa = PBXBuildFile; fileRef = 95AA6AE329637C0C00E325A6 /* Main.storyboard */; };
		95AA6AE829637C0C00E325A6 /* TechnicalTestFood.xcdatamodeld in Sources */ = {isa = PBXBuildFile; fileRef = 95AA6AE629637C0C00E325A6 /* TechnicalTestFood.xcdatamodeld */; };
		95AA6AEA29637C0E00E325A6 /* Assets.xcassets in Resources */ = {isa = PBXBuildFile; fileRef = 95AA6AE929637C0E00E325A6 /* Assets.xcassets */; };
		95AA6AED29637C0E00E325A6 /* LaunchScreen.storyboard in Resources */ = {isa = PBXBuildFile; fileRef = 95AA6AEB29637C0E00E325A6 /* LaunchScreen.storyboard */; };
		95AA6AFC2963889000E325A6 /* CSWebservice.swift in Sources */ = {isa = PBXBuildFile; fileRef = 95AA6AFB2963889000E325A6 /* CSWebservice.swift */; };
		95AA6AFF2963895D00E325A6 /* Closures.swift in Sources */ = {isa = PBXBuildFile; fileRef = 95AA6AFE2963895D00E325A6 /* Closures.swift */; };
		95AA6B0129638AE000E325A6 /* MessageAlert.swift in Sources */ = {isa = PBXBuildFile; fileRef = 95AA6B0029638AE000E325A6 /* MessageAlert.swift */; };
		95AA6B03296391A500E325A6 /* Colors.xcassets in Resources */ = {isa = PBXBuildFile; fileRef = 95AA6B02296391A500E325A6 /* Colors.xcassets */; };
		95AA6B062963DDE900E325A6 /* General.xcassets in Resources */ = {isa = PBXBuildFile; fileRef = 95AA6B052963DDE900E325A6 /* General.xcassets */; };
		95AA6B082963E08F00E325A6 /* WebServicesURL.swift in Sources */ = {isa = PBXBuildFile; fileRef = 95AA6B072963E08F00E325A6 /* WebServicesURL.swift */; };
		95EB5A032963EF63005B74B8 /* HomeViewController.swift in Sources */ = {isa = PBXBuildFile; fileRef = 95EB5A022963EF63005B74B8 /* HomeViewController.swift */; };
		95EB5A0729646898005B74B8 /* HomeModel.swift in Sources */ = {isa = PBXBuildFile; fileRef = 95EB5A0629646898005B74B8 /* HomeModel.swift */; };
		95EB5A0B29646BF7005B74B8 /* SplashModel.swift in Sources */ = {isa = PBXBuildFile; fileRef = 95EB5A0A29646BF7005B74B8 /* SplashModel.swift */; };
		95EB5A0E29646C1A005B74B8 /* SplashViewController.swift in Sources */ = {isa = PBXBuildFile; fileRef = 95EB5A0D29646C1A005B74B8 /* SplashViewController.swift */; };
		95EB5A1029646CFD005B74B8 /* Segues.swift in Sources */ = {isa = PBXBuildFile; fileRef = 95EB5A0F29646CFD005B74B8 /* Segues.swift */; };
		95EB5A12296472FB005B74B8 /* FoodBE.swift in Sources */ = {isa = PBXBuildFile; fileRef = 95EB5A11296472FB005B74B8 /* FoodBE.swift */; };
		95EB5A19296477AA005B74B8 /* HomeWS.swift in Sources */ = {isa = PBXBuildFile; fileRef = 95EB5A18296477AA005B74B8 /* HomeWS.swift */; };
		95EB5A1B296477B6005B74B8 /* HomeBL.swift in Sources */ = {isa = PBXBuildFile; fileRef = 95EB5A1A296477B6005B74B8 /* HomeBL.swift */; };
		95EB5A1D29648EFA005B74B8 /* HomeModelTableView.swift in Sources */ = {isa = PBXBuildFile; fileRef = 95EB5A1C29648EFA005B74B8 /* HomeModelTableView.swift */; };
		95EB5A1F29648F81005B74B8 /* HomeFoodTableViewCell.swift in Sources */ = {isa = PBXBuildFile; fileRef = 95EB5A1E29648F81005B74B8 /* HomeFoodTableViewCell.swift */; };
		FCED8570B1CC6AC00358C4E0 /* Pods_TechnicalTestFood.framework in Frameworks */ = {isa = PBXBuildFile; fileRef = 4DC5413AD07CDF64D7156BDE /* Pods_TechnicalTestFood.framework */; };
/* End PBXBuildFile section */

/* Begin PBXFileReference section */
		4DC5413AD07CDF64D7156BDE /* Pods_TechnicalTestFood.framework */ = {isa = PBXFileReference; explicitFileType = wrapper.framework; includeInIndex = 0; path = Pods_TechnicalTestFood.framework; sourceTree = BUILT_PRODUCTS_DIR; };
		95AA6ADA29637C0C00E325A6 /* TechnicalTestFood.app */ = {isa = PBXFileReference; explicitFileType = wrapper.application; includeInIndex = 0; path = TechnicalTestFood.app; sourceTree = BUILT_PRODUCTS_DIR; };
		95AA6ADD29637C0C00E325A6 /* AppDelegate.swift */ = {isa = PBXFileReference; lastKnownFileType = sourcecode.swift; path = AppDelegate.swift; sourceTree = "<group>"; };
		95AA6ADF29637C0C00E325A6 /* SceneDelegate.swift */ = {isa = PBXFileReference; lastKnownFileType = sourcecode.swift; path = SceneDelegate.swift; sourceTree = "<group>"; };
		95AA6AE429637C0C00E325A6 /* Base */ = {isa = PBXFileReference; lastKnownFileType = file.storyboard; name = Base; path = Base.lproj/Main.storyboard; sourceTree = "<group>"; };
		95AA6AE729637C0C00E325A6 /* TechnicalTestFood.xcdatamodel */ = {isa = PBXFileReference; lastKnownFileType = wrapper.xcdatamodel; path = TechnicalTestFood.xcdatamodel; sourceTree = "<group>"; };
		95AA6AE929637C0E00E325A6 /* Assets.xcassets */ = {isa = PBXFileReference; lastKnownFileType = folder.assetcatalog; path = Assets.xcassets; sourceTree = "<group>"; };
		95AA6AEC29637C0E00E325A6 /* Base */ = {isa = PBXFileReference; lastKnownFileType = file.storyboard; name = Base; path = Base.lproj/LaunchScreen.storyboard; sourceTree = "<group>"; };
		95AA6AEE29637C0E00E325A6 /* Info.plist */ = {isa = PBXFileReference; lastKnownFileType = text.plist.xml; path = Info.plist; sourceTree = "<group>"; };
		95AA6AFB2963889000E325A6 /* CSWebservice.swift */ = {isa = PBXFileReference; lastKnownFileType = sourcecode.swift; path = CSWebservice.swift; sourceTree = "<group>"; };
		95AA6AFE2963895D00E325A6 /* Closures.swift */ = {isa = PBXFileReference; lastKnownFileType = sourcecode.swift; path = Closures.swift; sourceTree = "<group>"; };
		95AA6B0029638AE000E325A6 /* MessageAlert.swift */ = {isa = PBXFileReference; lastKnownFileType = sourcecode.swift; path = MessageAlert.swift; sourceTree = "<group>"; };
		95AA6B02296391A500E325A6 /* Colors.xcassets */ = {isa = PBXFileReference; lastKnownFileType = folder.assetcatalog; path = Colors.xcassets; sourceTree = "<group>"; };
		95AA6B052963DDE900E325A6 /* General.xcassets */ = {isa = PBXFileReference; lastKnownFileType = folder.assetcatalog; path = General.xcassets; sourceTree = "<group>"; };
		95AA6B072963E08F00E325A6 /* WebServicesURL.swift */ = {isa = PBXFileReference; lastKnownFileType = sourcecode.swift; path = WebServicesURL.swift; sourceTree = "<group>"; };
		95EB5A022963EF63005B74B8 /* HomeViewController.swift */ = {isa = PBXFileReference; lastKnownFileType = sourcecode.swift; path = HomeViewController.swift; sourceTree = "<group>"; };
		95EB5A0629646898005B74B8 /* HomeModel.swift */ = {isa = PBXFileReference; lastKnownFileType = sourcecode.swift; path = HomeModel.swift; sourceTree = "<group>"; };
		95EB5A0A29646BF7005B74B8 /* SplashModel.swift */ = {isa = PBXFileReference; lastKnownFileType = sourcecode.swift; path = SplashModel.swift; sourceTree = "<group>"; };
		95EB5A0D29646C1A005B74B8 /* SplashViewController.swift */ = {isa = PBXFileReference; lastKnownFileType = sourcecode.swift; path = SplashViewController.swift; sourceTree = "<group>"; };
		95EB5A0F29646CFD005B74B8 /* Segues.swift */ = {isa = PBXFileReference; lastKnownFileType = sourcecode.swift; path = Segues.swift; sourceTree = "<group>"; };
		95EB5A11296472FB005B74B8 /* FoodBE.swift */ = {isa = PBXFileReference; lastKnownFileType = sourcecode.swift; path = FoodBE.swift; sourceTree = "<group>"; };
		95EB5A18296477AA005B74B8 /* HomeWS.swift */ = {isa = PBXFileReference; lastKnownFileType = sourcecode.swift; path = HomeWS.swift; sourceTree = "<group>"; };
		95EB5A1A296477B6005B74B8 /* HomeBL.swift */ = {isa = PBXFileReference; lastKnownFileType = sourcecode.swift; path = HomeBL.swift; sourceTree = "<group>"; };
		95EB5A1C29648EFA005B74B8 /* HomeModelTableView.swift */ = {isa = PBXFileReference; lastKnownFileType = sourcecode.swift; path = HomeModelTableView.swift; sourceTree = "<group>"; };
		95EB5A1E29648F81005B74B8 /* HomeFoodTableViewCell.swift */ = {isa = PBXFileReference; lastKnownFileType = sourcecode.swift; path = HomeFoodTableViewCell.swift; sourceTree = "<group>"; };
		CB4E5CF5C75553F1A899B88D /* Pods-TechnicalTestFood.debug.xcconfig */ = {isa = PBXFileReference; includeInIndex = 1; lastKnownFileType = text.xcconfig; name = "Pods-TechnicalTestFood.debug.xcconfig"; path = "Target Support Files/Pods-TechnicalTestFood/Pods-TechnicalTestFood.debug.xcconfig"; sourceTree = "<group>"; };
		D7EE2FEC5FD24E820C164484 /* Pods-TechnicalTestFood.release.xcconfig */ = {isa = PBXFileReference; includeInIndex = 1; lastKnownFileType = text.xcconfig; name = "Pods-TechnicalTestFood.release.xcconfig"; path = "Target Support Files/Pods-TechnicalTestFood/Pods-TechnicalTestFood.release.xcconfig"; sourceTree = "<group>"; };
/* End PBXFileReference section */

/* Begin PBXFrameworksBuildPhase section */
		95AA6AD729637C0C00E325A6 /* Frameworks */ = {
			isa = PBXFrameworksBuildPhase;
			buildActionMask = 2147483647;
			files = (
				FCED8570B1CC6AC00358C4E0 /* Pods_TechnicalTestFood.framework in Frameworks */,
			);
			runOnlyForDeploymentPostprocessing = 0;
		};
/* End PBXFrameworksBuildPhase section */

/* Begin PBXGroup section */
		479C29C3619887C235A87A1D /* Frameworks */ = {
			isa = PBXGroup;
			children = (
				4DC5413AD07CDF64D7156BDE /* Pods_TechnicalTestFood.framework */,
			);
			name = Frameworks;
			sourceTree = "<group>";
		};
		48910B1DF570293FB4DA7F8B /* Pods */ = {
			isa = PBXGroup;
			children = (
				CB4E5CF5C75553F1A899B88D /* Pods-TechnicalTestFood.debug.xcconfig */,
				D7EE2FEC5FD24E820C164484 /* Pods-TechnicalTestFood.release.xcconfig */,
			);
			path = Pods;
			sourceTree = "<group>";
		};
		95AA6AD129637C0C00E325A6 = {
			isa = PBXGroup;
			children = (
				95AA6ADC29637C0C00E325A6 /* TechnicalTestFood */,
				95AA6ADB29637C0C00E325A6 /* Products */,
				48910B1DF570293FB4DA7F8B /* Pods */,
				479C29C3619887C235A87A1D /* Frameworks */,
			);
			sourceTree = "<group>";
		};
		95AA6ADB29637C0C00E325A6 /* Products */ = {
			isa = PBXGroup;
			children = (
				95AA6ADA29637C0C00E325A6 /* TechnicalTestFood.app */,
			);
			name = Products;
			sourceTree = "<group>";
		};
		95AA6ADC29637C0C00E325A6 /* TechnicalTestFood */ = {
			isa = PBXGroup;
			children = (
				95AA6ADD29637C0C00E325A6 /* AppDelegate.swift */,
				95AA6ADF29637C0C00E325A6 /* SceneDelegate.swift */,
				95AA6AF52963863500E325A6 /* iPhone */,
				95AA6AEB29637C0E00E325A6 /* LaunchScreen.storyboard */,
				95AA6AEE29637C0E00E325A6 /* Info.plist */,
				95AA6AE629637C0C00E325A6 /* TechnicalTestFood.xcdatamodeld */,
			);
			path = TechnicalTestFood;
			sourceTree = "<group>";
		};
		95AA6AF52963863500E325A6 /* iPhone */ = {
			isa = PBXGroup;
			children = (
				95AA6B042963DD8F00E325A6 /* Resources */,
				95AA6AFD2963893F00E325A6 /* ClassGeneral */,
				95EB5A1329647725005B74B8 /* API */,
				95AA6AF7296387B100E325A6 /* Network */,
				95AA6AF6296387AA00E325A6 /* MVVM */,
			);
			path = iPhone;
			sourceTree = "<group>";
		};
		95AA6AF6296387AA00E325A6 /* MVVM */ = {
			isa = PBXGroup;
			children = (
				95AA6AFA296387DA00E325A6 /* Model */,
				95AA6AF8296387C400E325A6 /* View */,
				95AA6AF9296387CC00E325A6 /* ViewModel */,
			);
			path = MVVM;
			sourceTree = "<group>";
		};
		95AA6AF7296387B100E325A6 /* Network */ = {
			isa = PBXGroup;
			children = (
				95AA6AFB2963889000E325A6 /* CSWebservice.swift */,
				95AA6B072963E08F00E325A6 /* WebServicesURL.swift */,
			);
			path = Network;
			sourceTree = "<group>";
		};
		95AA6AF8296387C400E325A6 /* View */ = {
			isa = PBXGroup;
			children = (
				95AA6AE329637C0C00E325A6 /* Main.storyboard */,
			);
			path = View;
			sourceTree = "<group>";
		};
		95AA6AF9296387CC00E325A6 /* ViewModel */ = {
			isa = PBXGroup;
			children = (
				95EB5A0929646BE0005B74B8 /* Splash */,
				95EB5A042963EF68005B74B8 /* Home */,
			);
			path = ViewModel;
			sourceTree = "<group>";
		};
		95AA6AFA296387DA00E325A6 /* Model */ = {
			isa = PBXGroup;
			children = (
				95EB5A0829646B44005B74B8 /* Home */,
			);
			path = Model;
			sourceTree = "<group>";
		};
		95AA6AFD2963893F00E325A6 /* ClassGeneral */ = {
			isa = PBXGroup;
			children = (
				95AA6AFE2963895D00E325A6 /* Closures.swift */,
				95AA6B0029638AE000E325A6 /* MessageAlert.swift */,
				95EB5A0F29646CFD005B74B8 /* Segues.swift */,
			);
			path = ClassGeneral;
			sourceTree = "<group>";
		};
		95AA6B042963DD8F00E325A6 /* Resources */ = {
			isa = PBXGroup;
			children = (
				95AA6AE929637C0E00E325A6 /* Assets.xcassets */,
				95AA6B02296391A500E325A6 /* Colors.xcassets */,
				95AA6B052963DDE900E325A6 /* General.xcassets */,
			);
			path = Resources;
			sourceTree = "<group>";
		};
		95EB5A042963EF68005B74B8 /* Home */ = {
			isa = PBXGroup;
			children = (
				95EB5A022963EF63005B74B8 /* HomeViewController.swift */,
				95EB5A2029648FF4005B74B8 /* Cell */,
				95EB5A052963EF6E005B74B8 /* Model */,
			);
			path = Home;
			sourceTree = "<group>";
		};
		95EB5A052963EF6E005B74B8 /* Model */ = {
			isa = PBXGroup;
			children = (
				95EB5A0629646898005B74B8 /* HomeModel.swift */,
				95EB5A1C29648EFA005B74B8 /* HomeModelTableView.swift */,
			);
			path = Model;
			sourceTree = "<group>";
		};
		95EB5A0829646B44005B74B8 /* Home */ = {
			isa = PBXGroup;
			children = (
				95EB5A11296472FB005B74B8 /* FoodBE.swift */,
			);
			path = Home;
			sourceTree = "<group>";
		};
		95EB5A0929646BE0005B74B8 /* Splash */ = {
			isa = PBXGroup;
			children = (
				95EB5A0D29646C1A005B74B8 /* SplashViewController.swift */,
				95EB5A0C29646BFF005B74B8 /* Model */,
			);
			path = Splash;
			sourceTree = "<group>";
		};
		95EB5A0C29646BFF005B74B8 /* Model */ = {
			isa = PBXGroup;
			children = (
				95EB5A0A29646BF7005B74B8 /* SplashModel.swift */,
			);
			path = Model;
			sourceTree = "<group>";
		};
		95EB5A1329647725005B74B8 /* API */ = {
			isa = PBXGroup;
			children = (
				95EB5A1429647730005B74B8 /* BL */,
				95EB5A152964773A005B74B8 /* WS */,
			);
			path = API;
			sourceTree = "<group>";
		};
		95EB5A1429647730005B74B8 /* BL */ = {
			isa = PBXGroup;
			children = (
				95EB5A1729647791005B74B8 /* HomeBL */,
			);
			path = BL;
			sourceTree = "<group>";
		};
		95EB5A152964773A005B74B8 /* WS */ = {
			isa = PBXGroup;
			children = (
				95EB5A162964778A005B74B8 /* HomeWS */,
			);
			path = WS;
			sourceTree = "<group>";
		};
		95EB5A162964778A005B74B8 /* HomeWS */ = {
			isa = PBXGroup;
			children = (
				95EB5A18296477AA005B74B8 /* HomeWS.swift */,
			);
			path = HomeWS;
			sourceTree = "<group>";
		};
		95EB5A1729647791005B74B8 /* HomeBL */ = {
			isa = PBXGroup;
			children = (
				95EB5A1A296477B6005B74B8 /* HomeBL.swift */,
			);
			path = HomeBL;
			sourceTree = "<group>";
		};
		95EB5A2029648FF4005B74B8 /* Cell */ = {
			isa = PBXGroup;
			children = (
				95EB5A1E29648F81005B74B8 /* HomeFoodTableViewCell.swift */,
			);
			path = Cell;
			sourceTree = "<group>";
		};
/* End PBXGroup section */

/* Begin PBXNativeTarget section */
		95AA6AD929637C0C00E325A6 /* TechnicalTestFood */ = {
			isa = PBXNativeTarget;
			buildConfigurationList = 95AA6AF129637C0E00E325A6 /* Build configuration list for PBXNativeTarget "TechnicalTestFood" */;
			buildPhases = (
				D88966D96191F7CBDAF29C83 /* [CP] Check Pods Manifest.lock */,
				95AA6AD629637C0C00E325A6 /* Sources */,
				95AA6AD729637C0C00E325A6 /* Frameworks */,
				95AA6AD829637C0C00E325A6 /* Resources */,
				F9CFAB9A413900D18A0EDA14 /* [CP] Embed Pods Frameworks */,
			);
			buildRules = (
			);
			dependencies = (
			);
			name = TechnicalTestFood;
			productName = TechnicalTestFood;
			productReference = 95AA6ADA29637C0C00E325A6 /* TechnicalTestFood.app */;
			productType = "com.apple.product-type.application";
		};
/* End PBXNativeTarget section */

/* Begin PBXProject section */
		95AA6AD229637C0C00E325A6 /* Project object */ = {
			isa = PBXProject;
			attributes = {
				BuildIndependentTargetsInParallel = 1;
				LastSwiftUpdateCheck = 1420;
				LastUpgradeCheck = 1420;
				TargetAttributes = {
					95AA6AD929637C0C00E325A6 = {
						CreatedOnToolsVersion = 14.2;
					};
				};
			};
			buildConfigurationList = 95AA6AD529637C0C00E325A6 /* Build configuration list for PBXProject "TechnicalTestFood" */;
			compatibilityVersion = "Xcode 14.0";
			developmentRegion = en;
			hasScannedForEncodings = 0;
			knownRegions = (
				en,
				Base,
			);
			mainGroup = 95AA6AD129637C0C00E325A6;
			productRefGroup = 95AA6ADB29637C0C00E325A6 /* Products */;
			projectDirPath = "";
			projectRoot = "";
			targets = (
				95AA6AD929637C0C00E325A6 /* TechnicalTestFood */,
			);
		};
/* End PBXProject section */

/* Begin PBXResourcesBuildPhase section */
		95AA6AD829637C0C00E325A6 /* Resources */ = {
			isa = PBXResourcesBuildPhase;
			buildActionMask = 2147483647;
			files = (
				95AA6B062963DDE900E325A6 /* General.xcassets in Resources */,
				95AA6AED29637C0E00E325A6 /* LaunchScreen.storyboard in Resources */,
				95AA6B03296391A500E325A6 /* Colors.xcassets in Resources */,
				95AA6AEA29637C0E00E325A6 /* Assets.xcassets in Resources */,
				95AA6AE529637C0C00E325A6 /* Main.storyboard in Resources */,
			);
			runOnlyForDeploymentPostprocessing = 0;
		};
/* End PBXResourcesBuildPhase section */

/* Begin PBXShellScriptBuildPhase section */
		D88966D96191F7CBDAF29C83 /* [CP] Check Pods Manifest.lock */ = {
			isa = PBXShellScriptBuildPhase;
			buildActionMask = 2147483647;
			files = (
			);
			inputFileListPaths = (
			);
			inputPaths = (
				"${PODS_PODFILE_DIR_PATH}/Podfile.lock",
				"${PODS_ROOT}/Manifest.lock",
			);
			name = "[CP] Check Pods Manifest.lock";
			outputFileListPaths = (
			);
			outputPaths = (
				"$(DERIVED_FILE_DIR)/Pods-TechnicalTestFood-checkManifestLockResult.txt",
			);
			runOnlyForDeploymentPostprocessing = 0;
			shellPath = /bin/sh;
			shellScript = "diff \"${PODS_PODFILE_DIR_PATH}/Podfile.lock\" \"${PODS_ROOT}/Manifest.lock\" > /dev/null\nif [ $? != 0 ] ; then\n    # print error to STDERR\n    echo \"error: The sandbox is not in sync with the Podfile.lock. Run 'pod install' or update your CocoaPods installation.\" >&2\n    exit 1\nfi\n# This output is used by Xcode 'outputs' to avoid re-running this script phase.\necho \"SUCCESS\" > \"${SCRIPT_OUTPUT_FILE_0}\"\n";
			showEnvVarsInLog = 0;
		};
		F9CFAB9A413900D18A0EDA14 /* [CP] Embed Pods Frameworks */ = {
			isa = PBXShellScriptBuildPhase;
			buildActionMask = 2147483647;
			files = (
			);
			inputFileListPaths = (
				"${PODS_ROOT}/Target Support Files/Pods-TechnicalTestFood/Pods-TechnicalTestFood-frameworks-${CONFIGURATION}-input-files.xcfilelist",
			);
			name = "[CP] Embed Pods Frameworks";
			outputFileListPaths = (
				"${PODS_ROOT}/Target Support Files/Pods-TechnicalTestFood/Pods-TechnicalTestFood-frameworks-${CONFIGURATION}-output-files.xcfilelist",
			);
			runOnlyForDeploymentPostprocessing = 0;
			shellPath = /bin/sh;
			shellScript = "\"${PODS_ROOT}/Target Support Files/Pods-TechnicalTestFood/Pods-TechnicalTestFood-frameworks.sh\"\n";
			showEnvVarsInLog = 0;
		};
/* End PBXShellScriptBuildPhase section */

/* Begin PBXSourcesBuildPhase section */
		95AA6AD629637C0C00E325A6 /* Sources */ = {
			isa = PBXSourcesBuildPhase;
			buildActionMask = 2147483647;
			files = (
				95AA6B0129638AE000E325A6 /* MessageAlert.swift in Sources */,
				95AA6AE829637C0C00E325A6 /* TechnicalTestFood.xcdatamodeld in Sources */,
				95EB5A1F29648F81005B74B8 /* HomeFoodTableViewCell.swift in Sources */,
				95EB5A12296472FB005B74B8 /* FoodBE.swift in Sources */,
				95EB5A0729646898005B74B8 /* HomeModel.swift in Sources */,
				95AA6ADE29637C0C00E325A6 /* AppDelegate.swift in Sources */,
				95EB5A032963EF63005B74B8 /* HomeViewController.swift in Sources */,
				95AA6AFC2963889000E325A6 /* CSWebservice.swift in Sources */,
				95EB5A0B29646BF7005B74B8 /* SplashModel.swift in Sources */,
				95EB5A19296477AA005B74B8 /* HomeWS.swift in Sources */,
				95EB5A1029646CFD005B74B8 /* Segues.swift in Sources */,
				95EB5A1D29648EFA005B74B8 /* HomeModelTableView.swift in Sources */,
				95AA6AE029637C0C00E325A6 /* SceneDelegate.swift in Sources */,
				95EB5A1B296477B6005B74B8 /* HomeBL.swift in Sources */,
				95AA6AFF2963895D00E325A6 /* Closures.swift in Sources */,
				95AA6B082963E08F00E325A6 /* WebServicesURL.swift in Sources */,
				95EB5A0E29646C1A005B74B8 /* SplashViewController.swift in Sources */,
			);
			runOnlyForDeploymentPostprocessing = 0;
		};
/* End PBXSourcesBuildPhase section */

/* Begin PBXVariantGroup section */
		95AA6AE329637C0C00E325A6 /* Main.storyboard */ = {
			isa = PBXVariantGroup;
			children = (
				95AA6AE429637C0C00E325A6 /* Base */,
			);
			name = Main.storyboard;
			sourceTree = "<group>";
		};
		95AA6AEB29637C0E00E325A6 /* LaunchScreen.storyboard */ = {
			isa = PBXVariantGroup;
			children = (
				95AA6AEC29637C0E00E325A6 /* Base */,
			);
			name = LaunchScreen.storyboard;
			sourceTree = "<group>";
		};
/* End PBXVariantGroup section */

/* Begin XCBuildConfiguration section */
		95AA6AEF29637C0E00E325A6 /* Debug */ = {
			isa = XCBuildConfiguration;
			buildSettings = {
				ALWAYS_SEARCH_USER_PATHS = NO;
				CLANG_ANALYZER_NONNULL = YES;
				CLANG_ANALYZER_NUMBER_OBJECT_CONVERSION = YES_AGGRESSIVE;
				CLANG_CXX_LANGUAGE_STANDARD = "gnu++20";
				CLANG_ENABLE_MODULES = YES;
				CLANG_ENABLE_OBJC_ARC = YES;
				CLANG_ENABLE_OBJC_WEAK = YES;
				CLANG_WARN_BLOCK_CAPTURE_AUTORELEASING = YES;
				CLANG_WARN_BOOL_CONVERSION = YES;
				CLANG_WARN_COMMA = YES;
				CLANG_WARN_CONSTANT_CONVERSION = YES;
				CLANG_WARN_DEPRECATED_OBJC_IMPLEMENTATIONS = YES;
				CLANG_WARN_DIRECT_OBJC_ISA_USAGE = YES_ERROR;
				CLANG_WARN_DOCUMENTATION_COMMENTS = YES;
				CLANG_WARN_EMPTY_BODY = YES;
				CLANG_WARN_ENUM_CONVERSION = YES;
				CLANG_WARN_INFINITE_RECURSION = YES;
				CLANG_WARN_INT_CONVERSION = YES;
				CLANG_WARN_NON_LITERAL_NULL_CONVERSION = YES;
				CLANG_WARN_OBJC_IMPLICIT_RETAIN_SELF = YES;
				CLANG_WARN_OBJC_LITERAL_CONVERSION = YES;
				CLANG_WARN_OBJC_ROOT_CLASS = YES_ERROR;
				CLANG_WARN_QUOTED_INCLUDE_IN_FRAMEWORK_HEADER = YES;
				CLANG_WARN_RANGE_LOOP_ANALYSIS = YES;
				CLANG_WARN_STRICT_PROTOTYPES = YES;
				CLANG_WARN_SUSPICIOUS_MOVE = YES;
				CLANG_WARN_UNGUARDED_AVAILABILITY = YES_AGGRESSIVE;
				CLANG_WARN_UNREACHABLE_CODE = YES;
				CLANG_WARN__DUPLICATE_METHOD_MATCH = YES;
				COPY_PHASE_STRIP = NO;
				DEBUG_INFORMATION_FORMAT = dwarf;
				ENABLE_STRICT_OBJC_MSGSEND = YES;
				ENABLE_TESTABILITY = YES;
				GCC_C_LANGUAGE_STANDARD = gnu11;
				GCC_DYNAMIC_NO_PIC = NO;
				GCC_NO_COMMON_BLOCKS = YES;
				GCC_OPTIMIZATION_LEVEL = 0;
				GCC_PREPROCESSOR_DEFINITIONS = (
					"DEBUG=1",
					"$(inherited)",
				);
				GCC_WARN_64_TO_32_BIT_CONVERSION = YES;
				GCC_WARN_ABOUT_RETURN_TYPE = YES_ERROR;
				GCC_WARN_UNDECLARED_SELECTOR = YES;
				GCC_WARN_UNINITIALIZED_AUTOS = YES_AGGRESSIVE;
				GCC_WARN_UNUSED_FUNCTION = YES;
				GCC_WARN_UNUSED_VARIABLE = YES;
				IPHONEOS_DEPLOYMENT_TARGET = 16.2;
				MTL_ENABLE_DEBUG_INFO = INCLUDE_SOURCE;
				MTL_FAST_MATH = YES;
				ONLY_ACTIVE_ARCH = YES;
				SDKROOT = iphoneos;
				SWIFT_ACTIVE_COMPILATION_CONDITIONS = DEBUG;
				SWIFT_OPTIMIZATION_LEVEL = "-Onone";
			};
			name = Debug;
		};
		95AA6AF029637C0E00E325A6 /* Release */ = {
			isa = XCBuildConfiguration;
			buildSettings = {
				ALWAYS_SEARCH_USER_PATHS = NO;
				CLANG_ANALYZER_NONNULL = YES;
				CLANG_ANALYZER_NUMBER_OBJECT_CONVERSION = YES_AGGRESSIVE;
				CLANG_CXX_LANGUAGE_STANDARD = "gnu++20";
				CLANG_ENABLE_MODULES = YES;
				CLANG_ENABLE_OBJC_ARC = YES;
				CLANG_ENABLE_OBJC_WEAK = YES;
				CLANG_WARN_BLOCK_CAPTURE_AUTORELEASING = YES;
				CLANG_WARN_BOOL_CONVERSION = YES;
				CLANG_WARN_COMMA = YES;
				CLANG_WARN_CONSTANT_CONVERSION = YES;
				CLANG_WARN_DEPRECATED_OBJC_IMPLEMENTATIONS = YES;
				CLANG_WARN_DIRECT_OBJC_ISA_USAGE = YES_ERROR;
				CLANG_WARN_DOCUMENTATION_COMMENTS = YES;
				CLANG_WARN_EMPTY_BODY = YES;
				CLANG_WARN_ENUM_CONVERSION = YES;
				CLANG_WARN_INFINITE_RECURSION = YES;
				CLANG_WARN_INT_CONVERSION = YES;
				CLANG_WARN_NON_LITERAL_NULL_CONVERSION = YES;
				CLANG_WARN_OBJC_IMPLICIT_RETAIN_SELF = YES;
				CLANG_WARN_OBJC_LITERAL_CONVERSION = YES;
				CLANG_WARN_OBJC_ROOT_CLASS = YES_ERROR;
				CLANG_WARN_QUOTED_INCLUDE_IN_FRAMEWORK_HEADER = YES;
				CLANG_WARN_RANGE_LOOP_ANALYSIS = YES;
				CLANG_WARN_STRICT_PROTOTYPES = YES;
				CLANG_WARN_SUSPICIOUS_MOVE = YES;
				CLANG_WARN_UNGUARDED_AVAILABILITY = YES_AGGRESSIVE;
				CLANG_WARN_UNREACHABLE_CODE = YES;
				CLANG_WARN__DUPLICATE_METHOD_MATCH = YES;
				COPY_PHASE_STRIP = NO;
				DEBUG_INFORMATION_FORMAT = "dwarf-with-dsym";
				ENABLE_NS_ASSERTIONS = NO;
				ENABLE_STRICT_OBJC_MSGSEND = YES;
				GCC_C_LANGUAGE_STANDARD = gnu11;
				GCC_NO_COMMON_BLOCKS = YES;
				GCC_WARN_64_TO_32_BIT_CONVERSION = YES;
				GCC_WARN_ABOUT_RETURN_TYPE = YES_ERROR;
				GCC_WARN_UNDECLARED_SELECTOR = YES;
				GCC_WARN_UNINITIALIZED_AUTOS = YES_AGGRESSIVE;
				GCC_WARN_UNUSED_FUNCTION = YES;
				GCC_WARN_UNUSED_VARIABLE = YES;
				IPHONEOS_DEPLOYMENT_TARGET = 16.2;
				MTL_ENABLE_DEBUG_INFO = NO;
				MTL_FAST_MATH = YES;
				SDKROOT = iphoneos;
				SWIFT_COMPILATION_MODE = wholemodule;
				SWIFT_OPTIMIZATION_LEVEL = "-O";
				VALIDATE_PRODUCT = YES;
			};
			name = Release;
		};
		95AA6AF229637C0E00E325A6 /* Debug */ = {
			isa = XCBuildConfiguration;
			baseConfigurationReference = CB4E5CF5C75553F1A899B88D /* Pods-TechnicalTestFood.debug.xcconfig */;
			buildSettings = {
				ASSETCATALOG_COMPILER_APPICON_NAME = AppIcon;
				ASSETCATALOG_COMPILER_GLOBAL_ACCENT_COLOR_NAME = AccentColor;
				CODE_SIGN_STYLE = Automatic;
				CURRENT_PROJECT_VERSION = 1;
				DEVELOPMENT_TEAM = 38VT3MSS8Q;
				GENERATE_INFOPLIST_FILE = YES;
				INFOPLIST_FILE = TechnicalTestFood/Info.plist;
				INFOPLIST_KEY_UIApplicationSupportsIndirectInputEvents = YES;
				INFOPLIST_KEY_UILaunchStoryboardName = LaunchScreen;
				INFOPLIST_KEY_UIMainStoryboardFile = Main;
				INFOPLIST_KEY_UISupportedInterfaceOrientations = UIInterfaceOrientationPortrait;
				INFOPLIST_KEY_UISupportedInterfaceOrientations_iPad = "UIInterfaceOrientationLandscapeLeft UIInterfaceOrientationLandscapeRight UIInterfaceOrientationPortrait UIInterfaceOrientationPortraitUpsideDown";
				LD_RUNPATH_SEARCH_PATHS = (
					"$(inherited)",
					"@executable_path/Frameworks",
				);
				MARKETING_VERSION = 1.0;
				PRODUCT_BUNDLE_IDENTIFIER = com.ynonan.TechnicalTestFood;
				PRODUCT_NAME = "$(TARGET_NAME)";
				SUPPORTED_PLATFORMS = "iphoneos iphonesimulator";
				SUPPORTS_MACCATALYST = NO;
				SUPPORTS_MAC_DESIGNED_FOR_IPHONE_IPAD = NO;
				SWIFT_EMIT_LOC_STRINGS = YES;
				SWIFT_VERSION = 4.2;
				TARGETED_DEVICE_FAMILY = 1;
			};
			name = Debug;
		};
		95AA6AF329637C0E00E325A6 /* Release */ = {
			isa = XCBuildConfiguration;
			baseConfigurationReference = D7EE2FEC5FD24E820C164484 /* Pods-TechnicalTestFood.release.xcconfig */;
			buildSettings = {
				ASSETCATALOG_COMPILER_APPICON_NAME = AppIcon;
				ASSETCATALOG_COMPILER_GLOBAL_ACCENT_COLOR_NAME = AccentColor;
				CODE_SIGN_STYLE = Automatic;
				CURRENT_PROJECT_VERSION = 1;
				DEVELOPMENT_TEAM = 38VT3MSS8Q;
				GENERATE_INFOPLIST_FILE = YES;
				INFOPLIST_FILE = TechnicalTestFood/Info.plist;
				INFOPLIST_KEY_UIApplicationSupportsIndirectInputEvents = YES;
				INFOPLIST_KEY_UILaunchStoryboardName = LaunchScreen;
				INFOPLIST_KEY_UIMainStoryboardFile = Main;
				INFOPLIST_KEY_UISupportedInterfaceOrientations = UIInterfaceOrientationPortrait;
				INFOPLIST_KEY_UISupportedInterfaceOrientations_iPad = "UIInterfaceOrientationLandscapeLeft UIInterfaceOrientationLandscapeRight UIInterfaceOrientationPortrait UIInterfaceOrientationPortraitUpsideDown";
				LD_RUNPATH_SEARCH_PATHS = (
					"$(inherited)",
					"@executable_path/Frameworks",
				);
				MARKETING_VERSION = 1.0;
				PRODUCT_BUNDLE_IDENTIFIER = com.ynonan.TechnicalTestFood;
				PRODUCT_NAME = "$(TARGET_NAME)";
				SUPPORTED_PLATFORMS = "iphoneos iphonesimulator";
				SUPPORTS_MACCATALYST = NO;
				SUPPORTS_MAC_DESIGNED_FOR_IPHONE_IPAD = NO;
				SWIFT_EMIT_LOC_STRINGS = YES;
				SWIFT_VERSION = 4.2;
				TARGETED_DEVICE_FAMILY = 1;
			};
			name = Release;
		};
/* End XCBuildConfiguration section */

/* Begin XCConfigurationList section */
		95AA6AD529637C0C00E325A6 /* Build configuration list for PBXProject "TechnicalTestFood" */ = {
			isa = XCConfigurationList;
			buildConfigurations = (
				95AA6AEF29637C0E00E325A6 /* Debug */,
				95AA6AF029637C0E00E325A6 /* Release */,
			);
			defaultConfigurationIsVisible = 0;
			defaultConfigurationName = Release;
		};
		95AA6AF129637C0E00E325A6 /* Build configuration list for PBXNativeTarget "TechnicalTestFood" */ = {
			isa = XCConfigurationList;
			buildConfigurations = (
				95AA6AF229637C0E00E325A6 /* Debug */,
				95AA6AF329637C0E00E325A6 /* Release */,
			);
			defaultConfigurationIsVisible = 0;
			defaultConfigurationName = Release;
		};
/* End XCConfigurationList section */

/* Begin XCVersionGroup section */
		95AA6AE629637C0C00E325A6 /* TechnicalTestFood.xcdatamodeld */ = {
			isa = XCVersionGroup;
			children = (
				95AA6AE729637C0C00E325A6 /* TechnicalTestFood.xcdatamodel */,
			);
			currentVersion = 95AA6AE729637C0C00E325A6 /* TechnicalTestFood.xcdatamodel */;
			path = TechnicalTestFood.xcdatamodeld;
			sourceTree = "<group>";
			versionGroupType = wrapper.xcdatamodel;
		};
/* End XCVersionGroup section */
	};
	rootObject = 95AA6AD229637C0C00E325A6 /* Project object */;
}
